
Microsoft Visual Studio Solution File, Format Version 12.00
# Visual Studio Version 16
VisualStudioVersion = 16.0.31313.79
MinimumVisualStudioVersion = 10.0.40219.1
Project("{9A19103F-16F7-4668-BE54-9A1E7A4F7556}") = "AccountManagementApi", "AccountManagementApi.csproj", "{FBDDA1E7-4863-4927-86BE-CF637C37AA9F}"
EndProject
Project("{FAE04EC0-301F-11D3-BF4B-00C04F79EFBC}") = "AccountManagementTesting", "..\AccountManagementTesting\AccountManagementTesting.csproj", "{1459EF53-8CD5-49C0-9FF9-1C723EB9C889}"
EndProject
Global
	GlobalSection(SolutionConfigurationPlatforms) = preSolution
		Debug|Any CPU = Debug|Any CPU
		Release|Any CPU = Release|Any CPU
	EndGlobalSection
	GlobalSection(ProjectConfigurationPlatforms) = postSolution
		{FBDDA1E7-4863-4927-86BE-CF637C37AA9F}.Debug|Any CPU.ActiveCfg = Debug|Any CPU
		{FBDDA1E7-4863-4927-86BE-CF637C37AA9F}.Debug|Any CPU.Build.0 = Debug|Any CPU
		{FBDDA1E7-4863-4927-86BE-CF637C37AA9F}.Release|Any CPU.ActiveCfg = Release|Any CPU
		{FBDDA1E7-4863-4927-86BE-CF637C37AA9F}.Release|Any CPU.Build.0 = Release|Any CPU
		{1459EF53-8CD5-49C0-9FF9-1C723EB9C889}.Debug|Any CPU.ActiveCfg = Debug|Any CPU
		{1459EF53-8CD5-49C0-9FF9-1C723EB9C889}.Debug|Any CPU.Build.0 = Debug|Any CPU
		{1459EF53-8CD5-49C0-9FF9-1C723EB9C889}.Release|Any CPU.ActiveCfg = Release|Any CPU
		{1459EF53-8CD5-49C0-9FF9-1C723EB9C889}.Release|Any CPU.Build.0 = Release|Any CPU
	EndGlobalSection
	GlobalSection(SolutionProperties) = preSolution
		HideSolutionNode = FALSE
	EndGlobalSection
	GlobalSection(ExtensibilityGlobals) = postSolution
		SolutionGuid = {AB24364A-6A55-4BDC-ACF4-DC01B89D2459}
	EndGlobalSection
EndGlobal
