
Microsoft Visual Studio Solution File, Format Version 12.00
# Visual Studio Version 16
VisualStudioVersion = 16.0.31313.79
MinimumVisualStudioVersion = 10.0.40219.1
Project("{9A19103F-16F7-4668-BE54-9A1E7A4F7556}") = "TransactionMicroservice", "TransactionMicroservice.csproj", "{4575AA7E-4EDF-436F-885D-F3B0F05E0F04}"
EndProject
Project("{FAE04EC0-301F-11D3-BF4B-00C04F79EFBC}") = "TransactionTesting", "..\TransactionTesting\TransactionTesting.csproj", "{FF064FE0-9FFF-4E80-94AE-D9A0873E7F90}"
EndProject
Global
	GlobalSection(SolutionConfigurationPlatforms) = preSolution
		Debug|Any CPU = Debug|Any CPU
		Release|Any CPU = Release|Any CPU
	EndGlobalSection
	GlobalSection(ProjectConfigurationPlatforms) = postSolution
		{4575AA7E-4EDF-436F-885D-F3B0F05E0F04}.Debug|Any CPU.ActiveCfg = Debug|Any CPU
		{4575AA7E-4EDF-436F-885D-F3B0F05E0F04}.Debug|Any CPU.Build.0 = Debug|Any CPU
		{4575AA7E-4EDF-436F-885D-F3B0F05E0F04}.Release|Any CPU.ActiveCfg = Release|Any CPU
		{4575AA7E-4EDF-436F-885D-F3B0F05E0F04}.Release|Any CPU.Build.0 = Release|Any CPU
		{FF064FE0-9FFF-4E80-94AE-D9A0873E7F90}.Debug|Any CPU.ActiveCfg = Debug|Any CPU
		{FF064FE0-9FFF-4E80-94AE-D9A0873E7F90}.Debug|Any CPU.Build.0 = Debug|Any CPU
		{FF064FE0-9FFF-4E80-94AE-D9A0873E7F90}.Release|Any CPU.ActiveCfg = Release|Any CPU
		{FF064FE0-9FFF-4E80-94AE-D9A0873E7F90}.Release|Any CPU.Build.0 = Release|Any CPU
	EndGlobalSection
	GlobalSection(SolutionProperties) = preSolution
		HideSolutionNode = FALSE
	EndGlobalSection
	GlobalSection(ExtensibilityGlobals) = postSolution
		SolutionGuid = {9996AC40-29F9-4D5B-B933-F8FB9CDFFF8D}
	EndGlobalSection
EndGlobal
